// !$*UTF8*$!
{
	archiveVersion = 1;
	classes = {
	};
	objectVersion = 56;
	objects = {

/* Begin PBXBuildFile section */
		94FFF5802A9FA970007FDA3B /* BetterWeatherApp.swift in Sources */ = {isa = PBXBuildFile; fileRef = 94FFF57F2A9FA970007FDA3B /* BetterWeatherApp.swift */; };
		94FFF5822A9FA970007FDA3B /* ContentView.swift in Sources */ = {isa = PBXBuildFile; fileRef = 94FFF5812A9FA970007FDA3B /* ContentView.swift */; };
		94FFF5842A9FA972007FDA3B /* Assets.xcassets in Resources */ = {isa = PBXBuildFile; fileRef = 94FFF5832A9FA972007FDA3B /* Assets.xcassets */; };
		94FFF5872A9FA972007FDA3B /* Preview Assets.xcassets in Resources */ = {isa = PBXBuildFile; fileRef = 94FFF5862A9FA972007FDA3B /* Preview Assets.xcassets */; };
		94FFF5912A9FA972007FDA3B /* BetterWeatherTests.swift in Sources */ = {isa = PBXBuildFile; fileRef = 94FFF5902A9FA972007FDA3B /* BetterWeatherTests.swift */; };
		94FFF59B2A9FA972007FDA3B /* BetterWeatherUITests.swift in Sources */ = {isa = PBXBuildFile; fileRef = 94FFF59A2A9FA972007FDA3B /* BetterWeatherUITests.swift */; };
		94FFF59D2A9FA972007FDA3B /* BetterWeatherUITestsLaunchTests.swift in Sources */ = {isa = PBXBuildFile; fileRef = 94FFF59C2A9FA972007FDA3B /* BetterWeatherUITestsLaunchTests.swift */; };
/* End PBXBuildFile section */

/* Begin PBXContainerItemProxy section */
		94FFF58D2A9FA972007FDA3B /* PBXContainerItemProxy */ = {
			isa = PBXContainerItemProxy;
			containerPortal = 94FFF5742A9FA970007FDA3B /* Project object */;
			proxyType = 1;
			remoteGlobalIDString = 94FFF57B2A9FA970007FDA3B;
			remoteInfo = BetterWeather;
		};
		94FFF5972A9FA972007FDA3B /* PBXContainerItemProxy */ = {
			isa = PBXContainerItemProxy;
			containerPortal = 94FFF5742A9FA970007FDA3B /* Project object */;
			proxyType = 1;
			remoteGlobalIDString = 94FFF57B2A9FA970007FDA3B;
			remoteInfo = BetterWeather;
		};
/* End PBXContainerItemProxy section */

/* Begin PBXFileReference section */
		94FFF57C2A9FA970007FDA3B /* BetterWeather.app */ = {isa = PBXFileReference; explicitFileType = wrapper.application; includeInIndex = 0; path = BetterWeather.app; sourceTree = BUILT_PRODUCTS_DIR; };
		94FFF57F2A9FA970007FDA3B /* BetterWeatherApp.swift */ = {isa = PBXFileReference; lastKnownFileType = sourcecode.swift; path = BetterWeatherApp.swift; sourceTree = "<group>"; };
		94FFF5812A9FA970007FDA3B /* ContentView.swift */ = {isa = PBXFileReference; lastKnownFileType = sourcecode.swift; path = ContentView.swift; sourceTree = "<group>"; };
		94FFF5832A9FA972007FDA3B /* Assets.xcassets */ = {isa = PBXFileReference; lastKnownFileType = folder.assetcatalog; path = Assets.xcassets; sourceTree = "<group>"; };
		94FFF5862A9FA972007FDA3B /* Preview Assets.xcassets */ = {isa = PBXFileReference; lastKnownFileType = folder.assetcatalog; path = "Preview Assets.xcassets"; sourceTree = "<group>"; };
		94FFF58C2A9FA972007FDA3B /* BetterWeatherTests.xctest */ = {isa = PBXFileReference; explicitFileType = wrapper.cfbundle; includeInIndex = 0; path = BetterWeatherTests.xctest; sourceTree = BUILT_PRODUCTS_DIR; };
		94FFF5902A9FA972007FDA3B /* BetterWeatherTests.swift */ = {isa = PBXFileReference; lastKnownFileType = sourcecode.swift; path = BetterWeatherTests.swift; sourceTree = "<group>"; };
		94FFF5962A9FA972007FDA3B /* BetterWeatherUITests.xctest */ = {isa = PBXFileReference; explicitFileType = wrapper.cfbundle; includeInIndex = 0; path = BetterWeatherUITests.xctest; sourceTree = BUILT_PRODUCTS_DIR; };
		94FFF59A2A9FA972007FDA3B /* BetterWeatherUITests.swift */ = {isa = PBXFileReference; lastKnownFileType = sourcecode.swift; path = BetterWeatherUITests.swift; sourceTree = "<group>"; };
		94FFF59C2A9FA972007FDA3B /* BetterWeatherUITestsLaunchTests.swift */ = {isa = PBXFileReference; lastKnownFileType = sourcecode.swift; path = BetterWeatherUITestsLaunchTests.swift; sourceTree = "<group>"; };
/* End PBXFileReference section */

/* Begin PBXFrameworksBuildPhase section */
		94FFF5792A9FA970007FDA3B /* Frameworks */ = {
			isa = PBXFrameworksBuildPhase;
			buildActionMask = 2147483647;
			files = (
			);
			runOnlyForDeploymentPostprocessing = 0;
		};
		94FFF5892A9FA972007FDA3B /* Frameworks */ = {
			isa = PBXFrameworksBuildPhase;
			buildActionMask = 2147483647;
			files = (
			);
			runOnlyForDeploymentPostprocessing = 0;
		};
		94FFF5932A9FA972007FDA3B /* Frameworks */ = {
			isa = PBXFrameworksBuildPhase;
			buildActionMask = 2147483647;
			files = (
			);
			runOnlyForDeploymentPostprocessing = 0;
		};
/* End PBXFrameworksBuildPhase section */

/* Begin PBXGroup section */
		94FFF5732A9FA970007FDA3B = {
			isa = PBXGroup;
			children = (
				94FFF57E2A9FA970007FDA3B /* BetterWeather */,
				94FFF58F2A9FA972007FDA3B /* BetterWeatherTests */,
				94FFF5992A9FA972007FDA3B /* BetterWeatherUITests */,
				94FFF57D2A9FA970007FDA3B /* Products */,
			);
			sourceTree = "<group>";
		};
		94FFF57D2A9FA970007FDA3B /* Products */ = {
			isa = PBXGroup;
			children = (
				94FFF57C2A9FA970007FDA3B /* BetterWeather.app */,
				94FFF58C2A9FA972007FDA3B /* BetterWeatherTests.xctest */,
				94FFF5962A9FA972007FDA3B /* BetterWeatherUITests.xctest */,
			);
			name = Products;
			sourceTree = "<group>";
		};
		94FFF57E2A9FA970007FDA3B /* BetterWeather */ = {
			isa = PBXGroup;
			children = (
				94FFF57F2A9FA970007FDA3B /* BetterWeatherApp.swift */,
				94FFF5812A9FA970007FDA3B /* ContentView.swift */,
				94FFF5832A9FA972007FDA3B /* Assets.xcassets */,
				94FFF5852A9FA972007FDA3B /* Preview Content */,
			);
			path = BetterWeather;
			sourceTree = "<group>";
		};
		94FFF5852A9FA972007FDA3B /* Preview Content */ = {
			isa = PBXGroup;
			children = (
				94FFF5862A9FA972007FDA3B /* Preview Assets.xcassets */,
			);
			path = "Preview Content";
			sourceTree = "<group>";
		};
		94FFF58F2A9FA972007FDA3B /* BetterWeatherTests */ = {
			isa = PBXGroup;
			children = (
				94FFF5902A9FA972007FDA3B /* BetterWeatherTests.swift */,
			);
			path = BetterWeatherTests;
			sourceTree = "<group>";
		};
		94FFF5992A9FA972007FDA3B /* BetterWeatherUITests */ = {
			isa = PBXGroup;
			children = (
				94FFF59A2A9FA972007FDA3B /* BetterWeatherUITests.swift */,
				94FFF59C2A9FA972007FDA3B /* BetterWeatherUITestsLaunchTests.swift */,
			);
			path = BetterWeatherUITests;
			sourceTree = "<group>";
		};
/* End PBXGroup section */

/* Begin PBXNativeTarget section */
		94FFF57B2A9FA970007FDA3B /* BetterWeather */ = {
			isa = PBXNativeTarget;
			buildConfigurationList = 94FFF5A02A9FA972007FDA3B /* Build configuration list for PBXNativeTarget "BetterWeather" */;
			buildPhases = (
				94FFF5782A9FA970007FDA3B /* Sources */,
				94FFF5792A9FA970007FDA3B /* Frameworks */,
				94FFF57A2A9FA970007FDA3B /* Resources */,
			);
			buildRules = (
			);
			dependencies = (
			);
			name = BetterWeather;
			productName = BetterWeather;
			productReference = 94FFF57C2A9FA970007FDA3B /* BetterWeather.app */;
			productType = "com.apple.product-type.application";
		};
		94FFF58B2A9FA972007FDA3B /* BetterWeatherTests */ = {
			isa = PBXNativeTarget;
			buildConfigurationList = 94FFF5A32A9FA972007FDA3B /* Build configuration list for PBXNativeTarget "BetterWeatherTests" */;
			buildPhases = (
				94FFF5882A9FA972007FDA3B /* Sources */,
				94FFF5892A9FA972007FDA3B /* Frameworks */,
				94FFF58A2A9FA972007FDA3B /* Resources */,
			);
			buildRules = (
			);
			dependencies = (
				94FFF58E2A9FA972007FDA3B /* PBXTargetDependency */,
			);
			name = BetterWeatherTests;
			productName = BetterWeatherTests;
			productReference = 94FFF58C2A9FA972007FDA3B /* BetterWeatherTests.xctest */;
			productType = "com.apple.product-type.bundle.unit-test";
		};
		94FFF5952A9FA972007FDA3B /* BetterWeatherUITests */ = {
			isa = PBXNativeTarget;
			buildConfigurationList = 94FFF5A62A9FA972007FDA3B /* Build configuration list for PBXNativeTarget "BetterWeatherUITests" */;
			buildPhases = (
				94FFF5922A9FA972007FDA3B /* Sources */,
				94FFF5932A9FA972007FDA3B /* Frameworks */,
				94FFF5942A9FA972007FDA3B /* Resources */,
			);
			buildRules = (
			);
			dependencies = (
				94FFF5982A9FA972007FDA3B /* PBXTargetDependency */,
			);
			name = BetterWeatherUITests;
			productName = BetterWeatherUITests;
			productReference = 94FFF5962A9FA972007FDA3B /* BetterWeatherUITests.xctest */;
			productType = "com.apple.product-type.bundle.ui-testing";
		};
/* End PBXNativeTarget section */

/* Begin PBXProject section */
		94FFF5742A9FA970007FDA3B /* Project object */ = {
			isa = PBXProject;
			attributes = {
				BuildIndependentTargetsInParallel = 1;
				LastSwiftUpdateCheck = 1430;
				LastUpgradeCheck = 1430;
				TargetAttributes = {
					94FFF57B2A9FA970007FDA3B = {
						CreatedOnToolsVersion = 14.3.1;
					};
					94FFF58B2A9FA972007FDA3B = {
						CreatedOnToolsVersion = 14.3.1;
						TestTargetID = 94FFF57B2A9FA970007FDA3B;
					};
					94FFF5952A9FA972007FDA3B = {
						CreatedOnToolsVersion = 14.3.1;
						TestTargetID = 94FFF57B2A9FA970007FDA3B;
					};
				};
			};
			buildConfigurationList = 94FFF5772A9FA970007FDA3B /* Build configuration list for PBXProject "BetterWeather" */;
			compatibilityVersion = "Xcode 14.0";
			developmentRegion = en;
			hasScannedForEncodings = 0;
			knownRegions = (
				en,
				Base,
			);
			mainGroup = 94FFF5732A9FA970007FDA3B;
			productRefGroup = 94FFF57D2A9FA970007FDA3B /* Products */;
			projectDirPath = "";
			projectRoot = "";
			targets = (
				94FFF57B2A9FA970007FDA3B /* BetterWeather */,
				94FFF58B2A9FA972007FDA3B /* BetterWeatherTests */,
				94FFF5952A9FA972007FDA3B /* BetterWeatherUITests */,
			);
		};
/* End PBXProject section */

/* Begin PBXResourcesBuildPhase section */
		94FFF57A2A9FA970007FDA3B /* Resources */ = {
			isa = PBXResourcesBuildPhase;
			buildActionMask = 2147483647;
			files = (
				94FFF5872A9FA972007FDA3B /* Preview Assets.xcassets in Resources */,
				94FFF5842A9FA972007FDA3B /* Assets.xcassets in Resources */,
			);
			runOnlyForDeploymentPostprocessing = 0;
		};
		94FFF58A2A9FA972007FDA3B /* Resources */ = {
			isa = PBXResourcesBuildPhase;
			buildActionMask = 2147483647;
			files = (
			);
			runOnlyForDeploymentPostprocessing = 0;
		};
		94FFF5942A9FA972007FDA3B /* Resources */ = {
			isa = PBXResourcesBuildPhase;
			buildActionMask = 2147483647;
			files = (
			);
			runOnlyForDeploymentPostprocessing = 0;
		};
/* End PBXResourcesBuildPhase section */

/* Begin PBXSourcesBuildPhase section */
		94FFF5782A9FA970007FDA3B /* Sources */ = {
			isa = PBXSourcesBuildPhase;
			buildActionMask = 2147483647;
			files = (
				94FFF5822A9FA970007FDA3B /* ContentView.swift in Sources */,
				94FFF5802A9FA970007FDA3B /* BetterWeatherApp.swift in Sources */,
			);
			runOnlyForDeploymentPostprocessing = 0;
		};
		94FFF5882A9FA972007FDA3B /* Sources */ = {
			isa = PBXSourcesBuildPhase;
			buildActionMask = 2147483647;
			files = (
				94FFF5912A9FA972007FDA3B /* BetterWeatherTests.swift in Sources */,
			);
			runOnlyForDeploymentPostprocessing = 0;
		};
		94FFF5922A9FA972007FDA3B /* Sources */ = {
			isa = PBXSourcesBuildPhase;
			buildActionMask = 2147483647;
			files = (
				94FFF59B2A9FA972007FDA3B /* BetterWeatherUITests.swift in Sources */,
				94FFF59D2A9FA972007FDA3B /* BetterWeatherUITestsLaunchTests.swift in Sources */,
			);
			runOnlyForDeploymentPostprocessing = 0;
		};
/* End PBXSourcesBuildPhase section */

/* Begin PBXTargetDependency section */
		94FFF58E2A9FA972007FDA3B /* PBXTargetDependency */ = {
			isa = PBXTargetDependency;
			target = 94FFF57B2A9FA970007FDA3B /* BetterWeather */;
			targetProxy = 94FFF58D2A9FA972007FDA3B /* PBXContainerItemProxy */;
		};
		94FFF5982A9FA972007FDA3B /* PBXTargetDependency */ = {
			isa = PBXTargetDependency;
			target = 94FFF57B2A9FA970007FDA3B /* BetterWeather */;
			targetProxy = 94FFF5972A9FA972007FDA3B /* PBXContainerItemProxy */;
		};
/* End PBXTargetDependency section */

/* Begin XCBuildConfiguration section */
		94FFF59E2A9FA972007FDA3B /* Debug */ = {
			isa = XCBuildConfiguration;
			buildSettings = {
				ALWAYS_SEARCH_USER_PATHS = NO;
				CLANG_ANALYZER_NONNULL = YES;
				CLANG_ANALYZER_NUMBER_OBJECT_CONVERSION = YES_AGGRESSIVE;
				CLANG_CXX_LANGUAGE_STANDARD = "gnu++20";
				CLANG_ENABLE_MODULES = YES;
				CLANG_ENABLE_OBJC_ARC = YES;
				CLANG_ENABLE_OBJC_WEAK = YES;
				CLANG_WARN_BLOCK_CAPTURE_AUTORELEASING = YES;
				CLANG_WARN_BOOL_CONVERSION = YES;
				CLANG_WARN_COMMA = YES;
				CLANG_WARN_CONSTANT_CONVERSION = YES;
				CLANG_WARN_DEPRECATED_OBJC_IMPLEMENTATIONS = YES;
				CLANG_WARN_DIRECT_OBJC_ISA_USAGE = YES_ERROR;
				CLANG_WARN_DOCUMENTATION_COMMENTS = YES;
				CLANG_WARN_EMPTY_BODY = YES;
				CLANG_WARN_ENUM_CONVERSION = YES;
				CLANG_WARN_INFINITE_RECURSION = YES;
				CLANG_WARN_INT_CONVERSION = YES;
				CLANG_WARN_NON_LITERAL_NULL_CONVERSION = YES;
				CLANG_WARN_OBJC_IMPLICIT_RETAIN_SELF = YES;
				CLANG_WARN_OBJC_LITERAL_CONVERSION = YES;
				CLANG_WARN_OBJC_ROOT_CLASS = YES_ERROR;
				CLANG_WARN_QUOTED_INCLUDE_IN_FRAMEWORK_HEADER = YES;
				CLANG_WARN_RANGE_LOOP_ANALYSIS = YES;
				CLANG_WARN_STRICT_PROTOTYPES = YES;
				CLANG_WARN_SUSPICIOUS_MOVE = YES;
				CLANG_WARN_UNGUARDED_AVAILABILITY = YES_AGGRESSIVE;
				CLANG_WARN_UNREACHABLE_CODE = YES;
				CLANG_WARN__DUPLICATE_METHOD_MATCH = YES;
				COPY_PHASE_STRIP = NO;
				DEBUG_INFORMATION_FORMAT = dwarf;
				ENABLE_STRICT_OBJC_MSGSEND = YES;
				ENABLE_TESTABILITY = YES;
				GCC_C_LANGUAGE_STANDARD = gnu11;
				GCC_DYNAMIC_NO_PIC = NO;
				GCC_NO_COMMON_BLOCKS = YES;
				GCC_OPTIMIZATION_LEVEL = 0;
				GCC_PREPROCESSOR_DEFINITIONS = (
					"DEBUG=1",
					"$(inherited)",
				);
				GCC_WARN_64_TO_32_BIT_CONVERSION = YES;
				GCC_WARN_ABOUT_RETURN_TYPE = YES_ERROR;
				GCC_WARN_UNDECLARED_SELECTOR = YES;
				GCC_WARN_UNINITIALIZED_AUTOS = YES_AGGRESSIVE;
				GCC_WARN_UNUSED_FUNCTION = YES;
				GCC_WARN_UNUSED_VARIABLE = YES;
				IPHONEOS_DEPLOYMENT_TARGET = 16.4;
				MTL_ENABLE_DEBUG_INFO = INCLUDE_SOURCE;
				MTL_FAST_MATH = YES;
				ONLY_ACTIVE_ARCH = YES;
				SDKROOT = iphoneos;
				SWIFT_ACTIVE_COMPILATION_CONDITIONS = DEBUG;
				SWIFT_OPTIMIZATION_LEVEL = "-Onone";
			};
			name = Debug;
		};
		94FFF59F2A9FA972007FDA3B /* Release */ = {
			isa = XCBuildConfiguration;
			buildSettings = {
				ALWAYS_SEARCH_USER_PATHS = NO;
				CLANG_ANALYZER_NONNULL = YES;
				CLANG_ANALYZER_NUMBER_OBJECT_CONVERSION = YES_AGGRESSIVE;
				CLANG_CXX_LANGUAGE_STANDARD = "gnu++20";
				CLANG_ENABLE_MODULES = YES;
				CLANG_ENABLE_OBJC_ARC = YES;
				CLANG_ENABLE_OBJC_WEAK = YES;
				CLANG_WARN_BLOCK_CAPTURE_AUTORELEASING = YES;
				CLANG_WARN_BOOL_CONVERSION = YES;
				CLANG_WARN_COMMA = YES;
				CLANG_WARN_CONSTANT_CONVERSION = YES;
				CLANG_WARN_DEPRECATED_OBJC_IMPLEMENTATIONS = YES;
				CLANG_WARN_DIRECT_OBJC_ISA_USAGE = YES_ERROR;
				CLANG_WARN_DOCUMENTATION_COMMENTS = YES;
				CLANG_WARN_EMPTY_BODY = YES;
				CLANG_WARN_ENUM_CONVERSION = YES;
				CLANG_WARN_INFINITE_RECURSION = YES;
				CLANG_WARN_INT_CONVERSION = YES;
				CLANG_WARN_NON_LITERAL_NULL_CONVERSION = YES;
				CLANG_WARN_OBJC_IMPLICIT_RETAIN_SELF = YES;
				CLANG_WARN_OBJC_LITERAL_CONVERSION = YES;
				CLANG_WARN_OBJC_ROOT_CLASS = YES_ERROR;
				CLANG_WARN_QUOTED_INCLUDE_IN_FRAMEWORK_HEADER = YES;
				CLANG_WARN_RANGE_LOOP_ANALYSIS = YES;
				CLANG_WARN_STRICT_PROTOTYPES = YES;
				CLANG_WARN_SUSPICIOUS_MOVE = YES;
				CLANG_WARN_UNGUARDED_AVAILABILITY = YES_AGGRESSIVE;
				CLANG_WARN_UNREACHABLE_CODE = YES;
				CLANG_WARN__DUPLICATE_METHOD_MATCH = YES;
				COPY_PHASE_STRIP = NO;
				DEBUG_INFORMATION_FORMAT = "dwarf-with-dsym";
				ENABLE_NS_ASSERTIONS = NO;
				ENABLE_STRICT_OBJC_MSGSEND = YES;
				GCC_C_LANGUAGE_STANDARD = gnu11;
				GCC_NO_COMMON_BLOCKS = YES;
				GCC_WARN_64_TO_32_BIT_CONVERSION = YES;
				GCC_WARN_ABOUT_RETURN_TYPE = YES_ERROR;
				GCC_WARN_UNDECLARED_SELECTOR = YES;
				GCC_WARN_UNINITIALIZED_AUTOS = YES_AGGRESSIVE;
				GCC_WARN_UNUSED_FUNCTION = YES;
				GCC_WARN_UNUSED_VARIABLE = YES;
				IPHONEOS_DEPLOYMENT_TARGET = 16.4;
				MTL_ENABLE_DEBUG_INFO = NO;
				MTL_FAST_MATH = YES;
				SDKROOT = iphoneos;
				SWIFT_COMPILATION_MODE = wholemodule;
				SWIFT_OPTIMIZATION_LEVEL = "-O";
				VALIDATE_PRODUCT = YES;
			};
			name = Release;
		};
		94FFF5A12A9FA972007FDA3B /* Debug */ = {
			isa = XCBuildConfiguration;
			buildSettings = {
				ASSETCATALOG_COMPILER_APPICON_NAME = AppIcon;
				ASSETCATALOG_COMPILER_GLOBAL_ACCENT_COLOR_NAME = AccentColor;
				CODE_SIGN_STYLE = Automatic;
				CURRENT_PROJECT_VERSION = 1;
				DEVELOPMENT_ASSET_PATHS = "\"BetterWeather/Preview Content\"";
				ENABLE_PREVIEWS = YES;
				GENERATE_INFOPLIST_FILE = YES;
				INFOPLIST_KEY_UIApplicationSceneManifest_Generation = YES;
				INFOPLIST_KEY_UIApplicationSupportsIndirectInputEvents = YES;
				INFOPLIST_KEY_UILaunchScreen_Generation = YES;
				INFOPLIST_KEY_UISupportedInterfaceOrientations_iPad = "UIInterfaceOrientationPortrait UIInterfaceOrientationPortraitUpsideDown UIInterfaceOrientationLandscapeLeft UIInterfaceOrientationLandscapeRight";
				INFOPLIST_KEY_UISupportedInterfaceOrientations_iPhone = "UIInterfaceOrientationPortrait UIInterfaceOrientationLandscapeLeft UIInterfaceOrientationLandscapeRight";
				LD_RUNPATH_SEARCH_PATHS = (
					"$(inherited)",
					"@executable_path/Frameworks",
				);
				MARKETING_VERSION = 1.0;
				PRODUCT_BUNDLE_IDENTIFIER = Retrix.BetterWeather;
				PRODUCT_NAME = "$(TARGET_NAME)";
				SWIFT_EMIT_LOC_STRINGS = YES;
				SWIFT_VERSION = 5.0;
				TARGETED_DEVICE_FAMILY = "1,2";
			};
			name = Debug;
		};
		94FFF5A22A9FA972007FDA3B /* Release */ = {
			isa = XCBuildConfiguration;
			buildSettings = {
				ASSETCATALOG_COMPILER_APPICON_NAME = AppIcon;
				ASSETCATALOG_COMPILER_GLOBAL_ACCENT_COLOR_NAME = AccentColor;
				CODE_SIGN_STYLE = Automatic;
				CURRENT_PROJECT_VERSION = 1;
				DEVELOPMENT_ASSET_PATHS = "\"BetterWeather/Preview Content\"";
				ENABLE_PREVIEWS = YES;
				GENERATE_INFOPLIST_FILE = YES;
				INFOPLIST_KEY_UIApplicationSceneManifest_Generation = YES;
				INFOPLIST_KEY_UIApplicationSupportsIndirectInputEvents = YES;
				INFOPLIST_KEY_UILaunchScreen_Generation = YES;
				INFOPLIST_KEY_UISupportedInterfaceOrientations_iPad = "UIInterfaceOrientationPortrait UIInterfaceOrientationPortraitUpsideDown UIInterfaceOrientationLandscapeLeft UIInterfaceOrientationLandscapeRight";
				INFOPLIST_KEY_UISupportedInterfaceOrientations_iPhone = "UIInterfaceOrientationPortrait UIInterfaceOrientationLandscapeLeft UIInterfaceOrientationLandscapeRight";
				LD_RUNPATH_SEARCH_PATHS = (
					"$(inherited)",
					"@executable_path/Frameworks",
				);
				MARKETING_VERSION = 1.0;
				PRODUCT_BUNDLE_IDENTIFIER = Retrix.BetterWeather;
				PRODUCT_NAME = "$(TARGET_NAME)";
				SWIFT_EMIT_LOC_STRINGS = YES;
				SWIFT_VERSION = 5.0;
				TARGETED_DEVICE_FAMILY = "1,2";
			};
			name = Release;
		};
		94FFF5A42A9FA972007FDA3B /* Debug */ = {
			isa = XCBuildConfiguration;
			buildSettings = {
				ALWAYS_EMBED_SWIFT_STANDARD_LIBRARIES = YES;
				BUNDLE_LOADER = "$(TEST_HOST)";
				CODE_SIGN_STYLE = Automatic;
				CURRENT_PROJECT_VERSION = 1;
				GENERATE_INFOPLIST_FILE = YES;
				IPHONEOS_DEPLOYMENT_TARGET = 16.4;
				MARKETING_VERSION = 1.0;
				PRODUCT_BUNDLE_IDENTIFIER = Retrix.BetterWeatherTests;
				PRODUCT_NAME = "$(TARGET_NAME)";
				SWIFT_EMIT_LOC_STRINGS = NO;
				SWIFT_VERSION = 5.0;
				TARGETED_DEVICE_FAMILY = "1,2";
				TEST_HOST = "$(BUILT_PRODUCTS_DIR)/BetterWeather.app/$(BUNDLE_EXECUTABLE_FOLDER_PATH)/BetterWeather";
			};
			name = Debug;
		};
		94FFF5A52A9FA972007FDA3B /* Release */ = {
			isa = XCBuildConfiguration;
			buildSettings = {
				ALWAYS_EMBED_SWIFT_STANDARD_LIBRARIES = YES;
				BUNDLE_LOADER = "$(TEST_HOST)";
				CODE_SIGN_STYLE = Automatic;
				CURRENT_PROJECT_VERSION = 1;
				GENERATE_INFOPLIST_FILE = YES;
				IPHONEOS_DEPLOYMENT_TARGET = 16.4;
				MARKETING_VERSION = 1.0;
				PRODUCT_BUNDLE_IDENTIFIER = Retrix.BetterWeatherTests;
				PRODUCT_NAME = "$(TARGET_NAME)";
				SWIFT_EMIT_LOC_STRINGS = NO;
				SWIFT_VERSION = 5.0;
				TARGETED_DEVICE_FAMILY = "1,2";
				TEST_HOST = "$(BUILT_PRODUCTS_DIR)/BetterWeather.app/$(BUNDLE_EXECUTABLE_FOLDER_PATH)/BetterWeather";
			};
			name = Release;
		};
		94FFF5A72A9FA972007FDA3B /* Debug */ = {
			isa = XCBuildConfiguration;
			buildSettings = {
				ALWAYS_EMBED_SWIFT_STANDARD_LIBRARIES = YES;
				CODE_SIGN_STYLE = Automatic;
				CURRENT_PROJECT_VERSION = 1;
				GENERATE_INFOPLIST_FILE = YES;
				MARKETING_VERSION = 1.0;
				PRODUCT_BUNDLE_IDENTIFIER = Retrix.BetterWeatherUITests;
				PRODUCT_NAME = "$(TARGET_NAME)";
				SWIFT_EMIT_LOC_STRINGS = NO;
				SWIFT_VERSION = 5.0;
				TARGETED_DEVICE_FAMILY = "1,2";
				TEST_TARGET_NAME = BetterWeather;
			};
			name = Debug;
		};
		94FFF5A82A9FA972007FDA3B /* Release */ = {
			isa = XCBuildConfiguration;
			buildSettings = {
				ALWAYS_EMBED_SWIFT_STANDARD_LIBRARIES = YES;
				CODE_SIGN_STYLE = Automatic;
				CURRENT_PROJECT_VERSION = 1;
				GENERATE_INFOPLIST_FILE = YES;
				MARKETING_VERSION = 1.0;
				PRODUCT_BUNDLE_IDENTIFIER = Retrix.BetterWeatherUITests;
				PRODUCT_NAME = "$(TARGET_NAME)";
				SWIFT_EMIT_LOC_STRINGS = NO;
				SWIFT_VERSION = 5.0;
				TARGETED_DEVICE_FAMILY = "1,2";
				TEST_TARGET_NAME = BetterWeather;
			};
			name = Release;
		};
/* End XCBuildConfiguration section */

/* Begin XCConfigurationList section */
		94FFF5772A9FA970007FDA3B /* Build configuration list for PBXProject "BetterWeather" */ = {
			isa = XCConfigurationList;
			buildConfigurations = (
				94FFF59E2A9FA972007FDA3B /* Debug */,
				94FFF59F2A9FA972007FDA3B /* Release */,
			);
			defaultConfigurationIsVisible = 0;
			defaultConfigurationName = Release;
		};
		94FFF5A02A9FA972007FDA3B /* Build configuration list for PBXNativeTarget "BetterWeather" */ = {
			isa = XCConfigurationList;
			buildConfigurations = (
				94FFF5A12A9FA972007FDA3B /* Debug */,
				94FFF5A22A9FA972007FDA3B /* Release */,
			);
			defaultConfigurationIsVisible = 0;
			defaultConfigurationName = Release;
		};
		94FFF5A32A9FA972007FDA3B /* Build configuration list for PBXNativeTarget "BetterWeatherTests" */ = {
			isa = XCConfigurationList;
			buildConfigurations = (
				94FFF5A42A9FA972007FDA3B /* Debug */,
				94FFF5A52A9FA972007FDA3B /* Release */,
			);
			defaultConfigurationIsVisible = 0;
			defaultConfigurationName = Release;
		};
		94FFF5A62A9FA972007FDA3B /* Build configuration list for PBXNativeTarget "BetterWeatherUITests" */ = {
			isa = XCConfigurationList;
			buildConfigurations = (
				94FFF5A72A9FA972007FDA3B /* Debug */,
				94FFF5A82A9FA972007FDA3B /* Release */,
			);
			defaultConfigurationIsVisible = 0;
			defaultConfigurationName = Release;
		};
/* End XCConfigurationList section */
	};
	rootObject = 94FFF5742A9FA970007FDA3B /* Project object */;
}
